
Microsoft Visual Studio Solution File, Format Version 12.00
# Visual Studio Version 17
VisualStudioVersion = 17.0.31903.59
MinimumVisualStudioVersion = 10.0.40219.1
Project("{2150E333-8FDC-42A3-9474-1A3956D46DE8}") = "src", "src", "{4A61A510-7331-4B19-9F5D-32813A9B052B}"
EndProject
Project("{FAE04EC0-301F-11D3-BF4B-00C04F79EFBC}") = "TG.JSON", "src\TG.JSON\TG.JSON.csproj", "{4D5A06E5-DC29-4523-B555-A830B46CBEB0}"
EndProject
Project("{2150E333-8FDC-42A3-9474-1A3956D46DE8}") = "tests", "tests", "{673CEEBD-4E14-48D6-8B5C-6BE102996D0D}"
EndProject
Project("{FAE04EC0-301F-11D3-BF4B-00C04F79EFBC}") = "UnitTests", "tests\UnitTests\UnitTests.csproj", "{4356CAB0-7DB3-4853-8A59-32AD299E3139}"
EndProject
Global
	GlobalSection(SolutionConfigurationPlatforms) = preSolution
		Debug|Any CPU = Debug|Any CPU
		Release|Any CPU = Release|Any CPU
	EndGlobalSection
	GlobalSection(SolutionProperties) = preSolution
		HideSolutionNode = FALSE
	EndGlobalSection
	GlobalSection(ProjectConfigurationPlatforms) = postSolution
		{4D5A06E5-DC29-4523-B555-A830B46CBEB0}.Debug|Any CPU.ActiveCfg = Debug|Any CPU
		{4D5A06E5-DC29-4523-B555-A830B46CBEB0}.Debug|Any CPU.Build.0 = Debug|Any CPU
		{4D5A06E5-DC29-4523-B555-A830B46CBEB0}.Release|Any CPU.ActiveCfg = Release|Any CPU
		{4D5A06E5-DC29-4523-B555-A830B46CBEB0}.Release|Any CPU.Build.0 = Release|Any CPU
		{4356CAB0-7DB3-4853-8A59-32AD299E3139}.Debug|Any CPU.ActiveCfg = Debug|Any CPU
		{4356CAB0-7DB3-4853-8A59-32AD299E3139}.Debug|Any CPU.Build.0 = Debug|Any CPU
		{4356CAB0-7DB3-4853-8A59-32AD299E3139}.Release|Any CPU.ActiveCfg = Release|Any CPU
		{4356CAB0-7DB3-4853-8A59-32AD299E3139}.Release|Any CPU.Build.0 = Release|Any CPU
	EndGlobalSection
	GlobalSection(NestedProjects) = preSolution
		{4D5A06E5-DC29-4523-B555-A830B46CBEB0} = {4A61A510-7331-4B19-9F5D-32813A9B052B}
		{4356CAB0-7DB3-4853-8A59-32AD299E3139} = {673CEEBD-4E14-48D6-8B5C-6BE102996D0D}
	EndGlobalSection
EndGlobal
